<Project xmlns="http://schemas.microsoft.com/developer/msbuild/2003">
    <PropertyGroup>
        <ProjectGuid>{CA6A0766-EA3B-4F69-A1C3-2C682495ABC2}</ProjectGuid>
        <ProjectVersion>16.1</ProjectVersion>
        <MainSource>AsfHqService.dpr</MainSource>
        <Config Condition="'$(Config)'==''">Debug</Config>
        <DCC_DCCCompiler>DCC32</DCC_DCCCompiler>
        <Base>True</Base>
        <AppType>Library</AppType>
        <FrameworkType>VCL</FrameworkType>
        <Platform Condition="'$(Platform)'==''">Win32</Platform>
        <TargetedPlatforms>3</TargetedPlatforms>
    </PropertyGroup>
    <PropertyGroup Condition="'$(Config)'=='Base' or '$(Base)'!=''">
        <Base>true</Base>
    </PropertyGroup>
    <PropertyGroup Condition="('$(Platform)'=='Win32' and '$(Base)'=='true') or '$(Base_Win32)'!=''">
        <Base_Win32>true</Base_Win32>
        <CfgParent>Base</CfgParent>
        <Base>true</Base>
    </PropertyGroup>
    <PropertyGroup Condition="('$(Platform)'=='Win64' and '$(Base)'=='true') or '$(Base_Win64)'!=''">
        <Base_Win64>true</Base_Win64>
        <CfgParent>Base</CfgParent>
        <Base>true</Base>
    </PropertyGroup>
    <PropertyGroup Condition="'$(Config)'=='Release' or '$(Cfg_1)'!=''">
        <Cfg_1>true</Cfg_1>
        <CfgParent>Base</CfgParent>
        <Base>true</Base>
    </PropertyGroup>
    <PropertyGroup Condition="('$(Platform)'=='Win32' and '$(Cfg_1)'=='true') or '$(Cfg_1_Win32)'!=''">
        <Cfg_1_Win32>true</Cfg_1_Win32>
        <CfgParent>Cfg_1</CfgParent>
        <Cfg_1>true</Cfg_1>
        <Base>true</Base>
    </PropertyGroup>
    <PropertyGroup Condition="('$(Platform)'=='Win64' and '$(Cfg_1)'=='true') or '$(Cfg_1_Win64)'!=''">
        <Cfg_1_Win64>true</Cfg_1_Win64>
        <CfgParent>Cfg_1</CfgParent>
        <Cfg_1>true</Cfg_1>
        <Base>true</Base>
    </PropertyGroup>
    <PropertyGroup Condition="'$(Config)'=='Debug' or '$(Cfg_2)'!=''">
        <Cfg_2>true</Cfg_2>
        <CfgParent>Base</CfgParent>
        <Base>true</Base>
    </PropertyGroup>
    <PropertyGroup Condition="('$(Platform)'=='Win32' and '$(Cfg_2)'=='true') or '$(Cfg_2_Win32)'!=''">
        <Cfg_2_Win32>true</Cfg_2_Win32>
        <CfgParent>Cfg_2</CfgParent>
        <Cfg_2>true</Cfg_2>
        <Base>true</Base>
    </PropertyGroup>
    <PropertyGroup Condition="('$(Platform)'=='Win64' and '$(Cfg_2)'=='true') or '$(Cfg_2_Win64)'!=''">
        <Cfg_2_Win64>true</Cfg_2_Win64>
        <CfgParent>Cfg_2</CfgParent>
        <Cfg_2>true</Cfg_2>
        <Base>true</Base>
    </PropertyGroup>
    <PropertyGroup Condition="'$(Base)'!=''">
        <SanitizedProjectName>AsfHqService</SanitizedProjectName>
        <VerInfo_Build>4</VerInfo_Build>
        <VerInfo_Debug>true</VerInfo_Debug>
        <VerInfo_Keys>CompanyName=;FileDescription=;FileVersion=1.0.0.4;InternalName=;LegalCopyright=;LegalTrademarks=;OriginalFilename=;ProductName=;ProductVersion=1.0.0.0;Comments=</VerInfo_Keys>
        <DCC_Namespace>System;Xml;Data;Datasnap;Web;Soap;System.Win;Winapi;Vcl;System.Bindings;Vcl.Imaging;Vcl.Touch;Vcl.Samples;Vcl.Shell;$(DCC_Namespace)</DCC_Namespace>
        <VerInfo_IncludeVerInfo>true</VerInfo_IncludeVerInfo>
        <VerInfo_AutoGenVersion>true</VerInfo_AutoGenVersion>
        <VerInfo_Locale>2052</VerInfo_Locale>
        <ImageDebugInfo>true</ImageDebugInfo>
        <DCC_DebugInfoInExe>true</DCC_DebugInfoInExe>
        <DCC_ExeOutput>bin\</DCC_ExeOutput>
        <DCC_ImageBase>00400000</DCC_ImageBase>
        <DCC_E>false</DCC_E>
        <DCC_DependencyCheckOutputName>bin\QuoteMngr.dll</DCC_DependencyCheckOutputName>
        <DCC_Platform>x86</DCC_Platform>
        <DCC_S>false</DCC_S>
        <GenDll>true</GenDll>
        <DCC_N>false</DCC_N>
        <DCC_F>false</DCC_F>
        <DCC_K>false</DCC_K>
    </PropertyGroup>
    <PropertyGroup Condition="'$(Base_Win32)'!=''">
        <DCC_UnitSearchPath>..\..\ShareUnit\Common;..\..\ShareUnit\Common\BaseUI\Component;..\..\ShareUnit\Common\BaseUI\Form;..\..\ShareUnit\Common\BaseUI\Frame;..\..\ShareUnit\Common\BaseUI\G32Graphic;..\..\ShareUnit\Common\BaseUI\Grid;..\..\ShareUnit\Common\BaseUI\Render;..\..\ShareUnit\Common\Cipher;..\..\ShareUnit\Common\Cipher\AES;..\..\ShareUnit\Common\Cipher\RSA;..\..\ShareUnit\Common\Cipher\MD5;..\..\ShareUnit\Common\Cipher\CRC;..\..\ShareUnit\Common\Cipher\Base64;..\..\ShareUnit\Common\OpenSSL;..\..\ShareUnit\Common\Thread;..\..\ShareUnit\Common\Thread\Impl;..\..\ShareUnit\Common\Utils;..\..\ShareUnit\Common\PlugInMgr;..\..\ShareUnit\Common\PlugInMgr\Impl;..\..\ShareUnit\Common\Command;..\..\ShareUnit\Common\Command\Impl;..\..\ShareUnit\InterfacesOld;..\..\ShareUnit\Interfaces\AsfMain\EDCrypt;..\..\ShareUnit\Interfaces\AsfMain\Log;..\..\ShareUnit\Interfaces\AsfMain\GdiMgr;..\..\ShareUnit\Interfaces\AsfMain\AppContext;..\..\ShareUnit\Interfaces\AsfMain\Cfg;..\..\ShareUnit\Interfaces\AsfMain\Cfg\Info;..\..\ShareUnit\Interfaces\AsfMain\Cfg\SysCfg;..\..\ShareUnit\Interfaces\AsfMain\Cfg\WebCfg;..\..\ShareUnit\Interfaces\AsfMain\Cfg\ServerCfg;..\..\ShareUnit\Interfaces\AsfMain\Cfg\UserCacheCfg;..\..\ShareUnit\Interfaces\AsfMain\Login;..\..\ShareUnit\Interfaces\AsfMain\Master;..\..\ShareUnit\Interfaces\AsfMain\Chrome;..\..\ShareUnit\Interfaces\AsfMain\Master\ChildPage;..\..\ShareUnit\Interfaces\AsfMain\Master\ChildPage\Impl;..\..\ShareUnit\Interfaces\AsfMain\Resource;..\..\ShareUnit\Interfaces\AsfMain\CommandMgr;..\..\ShareUnit\Interfaces\AsfService\GFData;..\..\ShareUnit\Interfaces\AsfService\Proxy;..\..\ShareUnit\Interfaces\AsfService\Service;..\..\ShareUnit\Interfaces\AsfService\BasicService;..\..\ShareUnit\Interfaces\AsfService\AssetService;..\..\ShareUnit\Interfaces\AsfHqService\QuoteCodeInfosEx;..\..\ShareUnit\Interfaces\AsfHqService\QuoteManagerEx;..\..\ShareUnit\Interfaces\AsfHqService\ServerDataMgr;..\..\ShareUnit\Interfaces\AsfHqService\SecuMainAdapter;..\..\ShareUnit\Interfaces\AsfMsg\MsgEx;..\..\ShareUnit\Interfaces\AsfCache\Cache;..\..\ShareUnit\Interfaces\AsfCache\BaseCache;..\..\ShareUnit\Interfaces\AsfCache\UserCache;..\..\ShareUnit\Interfaces\AsfCache\UserAssetCache;..\..\ShareUnit\Interfaces\AsfMem\KeySearchEngine;..\..\ShareUnit\Interfaces\AsfMem\WCMemTable\SecuMain;..\..\ShareUnit\Interfaces\AsfMem\UserSector;..\..\ShareUnit\Interfaces\AsfCmd\Behavior;..\..\ShareUnit\Interfaces\AsfAuth\HqAuth;..\..\ShareUnit\Interfaces\AsfAuth\ProAuth;..\..\ShareUnit\Interfaces\AsfLanguage\ErrorCode;..\..\ShareUnit\Interfaces\AsfLanguage\Language;..\..\ShareUnit\Delphi3rd\Chrome;..\..\ShareUnit\Delphi3rd\NativeXML;..\..\ShareUnit\Delphi3rd\UniDAC5_5_12\Source\UniProviders\SQLite;..\..\ShareUnit\Delphi3rd\UniDAC5_5_12\Source;..\..\ShareUnit\Delphi3rd\UniDAC5_5_12\Lib\Delphi21\Win32;$(DCC_UnitSearchPath)</DCC_UnitSearchPath>
        <DCC_UsePackage>VCL;rtl;$(DCC_UsePackage)</DCC_UsePackage>
        <VerInfo_IncludeVerInfo>true</VerInfo_IncludeVerInfo>
        <Icon_MainIcon>QuoteMngr_Icon.ico</Icon_MainIcon>
        <DCC_Namespace>Data.Win;Datasnap.Win;Web.Win;Soap.Win;Xml.Win;Bde;$(DCC_Namespace)</DCC_Namespace>
        <VerInfo_Locale>1033</VerInfo_Locale>
        <Debugger_HostApplication>D:\Project.D2009\HSQuote\.Net 调用\GilQuote\Sources\GilQuote\bin\Debug\GilQuote.exe</Debugger_HostApplication>
        <VerInfo_Keys>CompanyName=;FileDescription=;FileVersion=1.0.0.0;InternalName=;LegalCopyright=;LegalTrademarks=;OriginalFilename=;ProductName=;ProductVersion=1.0.0.0;Comments=</VerInfo_Keys>
    </PropertyGroup>
    <PropertyGroup Condition="'$(Base_Win64)'!=''">
        <DCC_Namespace>Data.Win;Datasnap.Win;Web.Win;Soap.Win;Xml.Win;$(DCC_Namespace)</DCC_Namespace>
        <Icon_MainIcon>QuoteMngr_Icon.ico</Icon_MainIcon>
        <VerInfo_Locale>1033</VerInfo_Locale>
        <VerInfo_Keys>CompanyName=;FileDescription=;FileVersion=1.0.0.0;InternalName=;LegalCopyright=;LegalTrademarks=;OriginalFilename=;ProductName=;ProductVersion=1.0.0.0;Comments=</VerInfo_Keys>
    </PropertyGroup>
    <PropertyGroup Condition="'$(Cfg_1)'!=''">
        <DCC_DcuOutput>.\dcu</DCC_DcuOutput>
        <DCC_ExeOutput>../Bin/release</DCC_ExeOutput>
        <UsePackages>true</UsePackages>
        <Manifest_File>None</Manifest_File>
        <DCC_DebugInformation>0</DCC_DebugInformation>
        <DCC_DebugInfoInExe>false</DCC_DebugInfoInExe>
        <DCC_MapFile>3</DCC_MapFile>
        <DCC_LocalDebugSymbols>false</DCC_LocalDebugSymbols>
        <DCC_Define>RELEASE;EUREKALOG;EUREKALOG_VER6;$(DCC_Define)</DCC_Define>
        <DCC_SymbolReferenceInfo>0</DCC_SymbolReferenceInfo>
    </PropertyGroup>
    <PropertyGroup Condition="'$(Cfg_1_Win32)'!=''">
        <DCC_DcuOutput>.\dcu</DCC_DcuOutput>
        <VerInfo_Build>0</VerInfo_Build>
        <DCC_DebugInformation>true</DCC_DebugInformation>
        <DCC_GenerateStackFrames>true</DCC_GenerateStackFrames>
        <VerInfo_Keys>CompanyName=;FileDescription=;FileVersion=1.0.0.0;InternalName=;LegalCopyright=;LegalTrademarks=;OriginalFilename=;ProductName=;ProductVersion=1.0.0.0;Comments=</VerInfo_Keys>
        <VerInfo_Locale>1033</VerInfo_Locale>
        <Debugger_HostApplication>D:\Project.D2009\HSQuote\QuoteMngrV64\bin\H5Monitor.exe</Debugger_HostApplication>
    </PropertyGroup>
    <PropertyGroup Condition="'$(Cfg_1_Win64)'!=''">
        <DCC_GenerateStackFrames>true</DCC_GenerateStackFrames>
        <DCC_Define>EUREKALOG_VER7;$(DCC_Define)</DCC_Define>
        <DCC_DebugInformation>true</DCC_DebugInformation>
        <VerInfo_Build>1</VerInfo_Build>
        <VerInfo_AutoGenVersion>false</VerInfo_AutoGenVersion>
        <VerInfo_Release>1</VerInfo_Release>
        <Debugger_HostApplication>C:\QuoteMngrV64\bin\H5Monitor83.exe</Debugger_HostApplication>
        <VerInfo_Keys>CompanyName=;FileDescription=;FileVersion=1.0.1.1;InternalName=;LegalCopyright=;LegalTrademarks=;OriginalFilename=;ProductName=;ProductVersion=1.0.0.0;Comments=</VerInfo_Keys>
        <DCC_UnitSearchPath>D:\Delphi_XE2\VCLZipPro4511;$(DCC_UnitSearchPath)</DCC_UnitSearchPath>
        <VerInfo_Locale>1033</VerInfo_Locale>
        <DCC_RemoteDebug>true</DCC_RemoteDebug>
    </PropertyGroup>
    <PropertyGroup Condition="'$(Cfg_2)'!=''">
        <ILINK_FullDebugInfo>true</ILINK_FullDebugInfo>
        <BCC_SourceDebuggingOn>true</BCC_SourceDebuggingOn>
        <BCC_DebugLineNumbers>true</BCC_DebugLineNumbers>
        <DCC_MapFile>3</DCC_MapFile>
        <DCC_Define>DEBUG;$(DCC_Define)</DCC_Define>
    </PropertyGroup>
    <PropertyGroup Condition="'$(Cfg_2_Win32)'!=''">
        <UsePackages>true</UsePackages>
        <VerInfo_Build>0</VerInfo_Build>
        <DCC_DcuOutput>.\$(Platform)\$(Config)</DCC_DcuOutput>
        <DCC_ExeOutput>..\..\Run\Debug\Bin\</DCC_ExeOutput>
        <DCC_GenerateStackFrames>true</DCC_GenerateStackFrames>
        <Manifest_File>None</Manifest_File>
        <VerInfo_Keys>CompanyName=;FileDescription=;FileVersion=1.0.0.0;InternalName=;LegalCopyright=;LegalTrademarks=;OriginalFilename=;ProductName=;ProductVersion=1.0.0.0;Comments=</VerInfo_Keys>
        <DCC_DebugInfoInTds>true</DCC_DebugInfoInTds>
        <VerInfo_Locale>1033</VerInfo_Locale>
        <Debugger_HostApplication>..\..\Run\Debug\Bin\AsfMain.exe</Debugger_HostApplication>
    </PropertyGroup>
    <PropertyGroup Condition="'$(Cfg_2_Win64)'!=''">
        <DCC_GenerateStackFrames>true</DCC_GenerateStackFrames>
        <DCC_RemoteDebug>true</DCC_RemoteDebug>
    </PropertyGroup>
    <ItemGroup>
        <DelphiCompile Include="$(MainSource)">
            <MainSource>MainSource</MainSource>
        </DelphiCompile>
        <DCCReference Include="pas\Manager.pas">
            <CoClasses>QuoteManager</CoClasses>
        </DCCReference>
        <DCCReference Include="IOCP\IOCPClient.pas"/>
        <DCCReference Include="IOCP\IOCPLibrary.pas"/>
        <DCCReference Include="IOCP\IOCPMemory.pas"/>
        <DCCReference Include="IOCP\IOCPUtil.pas"/>
        <DCCReference Include="Quote\QuoteService.pas"/>
        <DCCReference Include="Quote\QuoteSubscribe.pas"/>
        <DCCReference Include="Quote\QuoteLibrary.pas"/>
        <DCCReference Include="Quote\QuoteBusiness.pas"/>
        <DCCReference Include="Quote\QuoteDataObject.pas"/>
        <DCCReference Include="Quote\QuoteDataMngr.pas"/>
        <DCCReference Include="Quote\BizPacket.pas"/>
        <DCCReference Include="Quote\BizPacket2Impl.pas"/>
        <DCCReference Include="pas\U_Des.pas"/>
        <DCCReference Include="pas\U_SerialUtils.pas"/>
        <DCCReference Include="pas\md5.pas"/>
        <DCCReference Include="pas\QuoteManagerEvents.pas"/>
        <DCCReference Include="Quote\QuoteDataObjects\QDOMarketMonitor.pas"/>
        <DCCReference Include="Quote\QuoteDataObjects\QDOBase.pas"/>
        <DCCReference Include="Quote\QuoteDataObjects\QDOSingleColValue.pas"/>
        <DCCReference Include="Quote\QuoteDataObjects\QDODDERealTime.pas"/>
        <DCCReference Include="Quote\QuoteColumnDefinex.pas"/>
        <DCCReference Include="WExport\WExport.pas"/>
        <DCCReference Include="WExport\Impl\AsfHqServicePlugInMgrImpl.pas"/>
        <DCCReference Include="QuoteManagerEx\Impl\QuoteManagerExImpl.pas"/>
        <DCCReference Include="QuoteCodeInfosEx\Impl\QuoteCodeInfosExImpl.pas"/>
        <DCCReference Include="WCommands\QuoteManagerExCommandImpl.pas"/>
        <DCCReference Include="ServerDataMgr\Impl\ServerDataMgrImpl.pas"/>
        <DCCReference Include="WCommands\ServerDataMgrCommandImpl.pas"/>
        <RidlCompile Include="QuoteMngr.ridl"/>
        <BuildConfiguration Include="Debug">
            <Key>Cfg_2</Key>
            <CfgParent>Base</CfgParent>
        </BuildConfiguration>
        <BuildConfiguration Include="Base">
            <Key>Base</Key>
        </BuildConfiguration>
        <BuildConfiguration Include="Release">
            <Key>Cfg_1</Key>
            <CfgParent>Base</CfgParent>
        </BuildConfiguration>
    </ItemGroup>
    <Import Condition="Exists('$(BDS)\Bin\CodeGear.Delphi.Targets')" Project="$(BDS)\Bin\CodeGear.Delphi.Targets"/>
    <Import Condition="Exists('$(APPDATA)\Embarcadero\$(BDSAPPDATABASEDIR)\$(PRODUCTVERSION)\UserTools.proj')" Project="$(APPDATA)\Embarcadero\$(BDSAPPDATABASEDIR)\$(PRODUCTVERSION)\UserTools.proj"/>
    <ProjectExtensions>
        <Borland.Personality>Delphi.Personality.12</Borland.Personality>
        <Borland.ProjectType/>
        <BorlandProject>
            <Delphi.Personality>
                <Source>
                    <Source Name="MainSource">AsfHqService.dpr</Source>
                </Source>
                <Parameters>
                    <Parameters Name="HostApplication">D:\Project.D2009\HSQuote\.Net 调用\GilQuote\Sources\GilQuote\bin\Debug\GilQuote.exe</Parameters>
                </Parameters>
                <VersionInfo>
                    <VersionInfo Name="IncludeVerInfo">True</VersionInfo>
                    <VersionInfo Name="AutoIncBuild">True</VersionInfo>
                    <VersionInfo Name="MajorVer">1</VersionInfo>
                    <VersionInfo Name="MinorVer">0</VersionInfo>
                    <VersionInfo Name="Release">0</VersionInfo>
                    <VersionInfo Name="Build">50</VersionInfo>
                    <VersionInfo Name="Debug">True</VersionInfo>
                    <VersionInfo Name="PreRelease">False</VersionInfo>
                    <VersionInfo Name="Special">False</VersionInfo>
                    <VersionInfo Name="Private">False</VersionInfo>
                    <VersionInfo Name="DLL">False</VersionInfo>
                    <VersionInfo Name="Locale">2052</VersionInfo>
                    <VersionInfo Name="CodePage">936</VersionInfo>
                </VersionInfo>
                <VersionInfoKeys>
                    <VersionInfoKeys Name="CompanyName"/>
                    <VersionInfoKeys Name="FileDescription"/>
                    <VersionInfoKeys Name="FileVersion">1.0.0.50</VersionInfoKeys>
                    <VersionInfoKeys Name="InternalName"/>
                    <VersionInfoKeys Name="LegalCopyright"/>
                    <VersionInfoKeys Name="LegalTrademarks"/>
                    <VersionInfoKeys Name="OriginalFilename"/>
                    <VersionInfoKeys Name="ProductName"/>
                    <VersionInfoKeys Name="ProductVersion">1.0.0.0</VersionInfoKeys>
                    <VersionInfoKeys Name="Comments"/>
                </VersionInfoKeys>
                <Excluded_Packages>
                    <Excluded_Packages Name="$(BDSBIN)\dclDataSnapNativeServer210.bpl">Embarcadero DBExpress DataSnap Native Server Components</Excluded_Packages>
                    <Excluded_Packages Name="$(BDSBIN)\bcboffice2k210.bpl">Embarcadero C++Builder Office 2000 Servers Package</Excluded_Packages>
                    <Excluded_Packages Name="$(BDSBIN)\bcbofficexp210.bpl">Embarcadero C++Builder Office XP Servers Package</Excluded_Packages>
                    <Excluded_Packages Name="$(BDSBIN)\dcloffice2k210.bpl">Microsoft Office 2000 Sample Automation Server Wrapper Components</Excluded_Packages>
                    <Excluded_Packages Name="$(BDSBIN)\dclofficexp210.bpl">Microsoft Office XP Sample Automation Server Wrapper Components</Excluded_Packages>
                    <Excluded_Packages Name="d:\Program Files (x86)\Raize\RC6\Bin\RaizeComponentsVclDb_Design210.bpl">Raize Components 6.1.10 (Data-Aware)</Excluded_Packages>
                </Excluded_Packages>
            </Delphi.Personality>
            <ActiveXProjectInfo>
                <version>1</version>
            </ActiveXProjectInfo>
            <ModelSupport>False</ModelSupport>
            <Platforms>
                <Platform value="Win32">True</Platform>
                <Platform value="Win64">True</Platform>
            </Platforms>
            <Deployment>
                <DeployFile LocalName="..\Bin\Debug\AsfHqService.dll" Configuration="Debug" Class="ProjectOutput">
                    <Platform Name="Win32">
                        <RemoteName>AsfHqService.dll</RemoteName>
                        <Overwrite>true</Overwrite>
                    </Platform>
                </DeployFile>
                <DeployFile LocalName="..\..\Run\Debug\Bin\AsfHqService.dll" Configuration="Debug" Class="ProjectOutput">
                    <Platform Name="Win32">
                        <RemoteName>AsfHqService.dll</RemoteName>
                        <Overwrite>true</Overwrite>
                    </Platform>
                </DeployFile>
                <DeployClass Required="true" Name="DependencyPackage">
                    <Platform Name="iOSDevice">
                        <Operation>1</Operation>
                        <Extensions>.dylib</Extensions>
                    </Platform>
                    <Platform Name="Win32">
                        <Operation>0</Operation>
                        <Extensions>.bpl</Extensions>
                    </Platform>
                    <Platform Name="OSX32">
                        <Operation>1</Operation>
                        <Extensions>.dylib</Extensions>
                    </Platform>
                    <Platform Name="iOSSimulator">
                        <Operation>1</Operation>
                        <Extensions>.dylib</Extensions>
                    </Platform>
                </DeployClass>
                <DeployClass Name="DependencyModule">
                    <Platform Name="OSX32">
                        <Operation>1</Operation>
                        <Extensions>.dylib</Extensions>
                    </Platform>
                    <Platform Name="Win32">
                        <Operation>0</Operation>
                        <Extensions>.dll;.bpl</Extensions>
                    </Platform>
                </DeployClass>
                <DeployClass Name="iPad_Launch2048">
                    <Platform Name="iOSDevice">
                        <Operation>1</Operation>
                    </Platform>
                    <Platform Name="iOSSimulator">
                        <Operation>1</Operation>
                    </Platform>
                </DeployClass>
                <DeployClass Name="ProjectOSXInfoPList"/>
                <DeployClass Name="ProjectiOSDeviceDebug">
                    <Platform Name="iOSDevice">
                        <RemoteDir>..\$(PROJECTNAME).app.dSYM\Contents\Resources\DWARF</RemoteDir>
                        <Operation>1</Operation>
                    </Platform>
                </DeployClass>
                <DeployClass Name="Android_SplashImage470">
                    <Platform Name="Android">
                        <RemoteDir>res\drawable-normal</RemoteDir>
                        <Operation>1</Operation>
                    </Platform>
                </DeployClass>
                <DeployClass Name="AndroidLibnativeX86File">
                    <Platform Name="Android">
                        <RemoteDir>library\lib\x86</RemoteDir>
                        <Operation>1</Operation>
                    </Platform>
                </DeployClass>
                <DeployClass Name="ProjectiOSResource">
                    <Platform Name="iOSDevice">
                        <Operation>1</Operation>
                    </Platform>
                    <Platform Name="iOSSimulator">
                        <Operation>1</Operation>
                    </Platform>
                </DeployClass>
                <DeployClass Name="ProjectOSXEntitlements"/>
                <DeployClass Name="AndroidGDBServer">
                    <Platform Name="Android">
                        <RemoteDir>library\lib\armeabi-v7a</RemoteDir>
                        <Operation>1</Operation>
                    </Platform>
                </DeployClass>
                <DeployClass Name="iPhone_Launch640">
                    <Platform Name="iOSDevice">
                        <Operation>1</Operation>
                    </Platform>
                    <Platform Name="iOSSimulator">
                        <Operation>1</Operation>
                    </Platform>
                </DeployClass>
                <DeployClass Name="Android_SplashImage960">
                    <Platform Name="Android">
                        <RemoteDir>res\drawable-xlarge</RemoteDir>
                        <Operation>1</Operation>
                    </Platform>
                </DeployClass>
                <DeployClass Name="Android_LauncherIcon96">
                    <Platform Name="Android">
                        <RemoteDir>res\drawable-xhdpi</RemoteDir>
                        <Operation>1</Operation>
                    </Platform>
                </DeployClass>
                <DeployClass Name="iPhone_Launch320">
                    <Platform Name="iOSDevice">
                        <Operation>1</Operation>
                    </Platform>
                    <Platform Name="iOSSimulator">
                        <Operation>1</Operation>
                    </Platform>
                </DeployClass>
                <DeployClass Name="Android_LauncherIcon144">
                    <Platform Name="Android">
                        <RemoteDir>res\drawable-xxhdpi</RemoteDir>
                        <Operation>1</Operation>
                    </Platform>
                </DeployClass>
                <DeployClass Name="AndroidLibnativeMipsFile">
                    <Platform Name="Android">
                        <RemoteDir>library\lib\mips</RemoteDir>
                        <Operation>1</Operation>
                    </Platform>
                </DeployClass>
                <DeployClass Name="AndroidSplashImageDef">
                    <Platform Name="Android">
                        <RemoteDir>res\drawable</RemoteDir>
                        <Operation>1</Operation>
                    </Platform>
                </DeployClass>
                <DeployClass Name="DebugSymbols">
                    <Platform Name="OSX32">
                        <Operation>1</Operation>
                    </Platform>
                    <Platform Name="iOSSimulator">
                        <Operation>1</Operation>
                    </Platform>
                    <Platform Name="Win32">
                        <Operation>0</Operation>
                    </Platform>
                </DeployClass>
                <DeployClass Name="DependencyFramework">
                    <Platform Name="OSX32">
                        <Operation>1</Operation>
                        <Extensions>.framework</Extensions>
                    </Platform>
                    <Platform Name="Win32">
                        <Operation>0</Operation>
                    </Platform>
                </DeployClass>
                <DeployClass Name="Android_SplashImage426">
                    <Platform Name="Android">
                        <RemoteDir>res\drawable-small</RemoteDir>
                        <Operation>1</Operation>
                    </Platform>
                </DeployClass>
                <DeployClass Name="ProjectiOSEntitlements"/>
                <DeployClass Name="AdditionalDebugSymbols">
                    <Platform Name="OSX32">
                        <Operation>1</Operation>
                    </Platform>
                    <Platform Name="Win32">
                        <RemoteDir>Contents\MacOS</RemoteDir>
                        <Operation>0</Operation>
                    </Platform>
                </DeployClass>
                <DeployClass Name="AndroidClassesDexFile">
                    <Platform Name="Android">
                        <RemoteDir>classes</RemoteDir>
                        <Operation>1</Operation>
                    </Platform>
                </DeployClass>
                <DeployClass Name="ProjectiOSInfoPList"/>
                <DeployClass Name="iPad_Launch1024">
                    <Platform Name="iOSDevice">
                        <Operation>1</Operation>
                    </Platform>
                    <Platform Name="iOSSimulator">
                        <Operation>1</Operation>
                    </Platform>
                </DeployClass>
                <DeployClass Name="Android_DefaultAppIcon">
                    <Platform Name="Android">
                        <RemoteDir>res\drawable</RemoteDir>
                        <Operation>1</Operation>
                    </Platform>
                </DeployClass>
                <DeployClass Name="ProjectOSXResource">
                    <Platform Name="OSX32">
                        <RemoteDir>Contents\Resources</RemoteDir>
                        <Operation>1</Operation>
                    </Platform>
                </DeployClass>
                <DeployClass Name="ProjectiOSDeviceResourceRules"/>
                <DeployClass Name="iPad_Launch768">
                    <Platform Name="iOSDevice">
                        <Operation>1</Operation>
                    </Platform>
                    <Platform Name="iOSSimulator">
                        <Operation>1</Operation>
                    </Platform>
                </DeployClass>
                <DeployClass Required="true" Name="ProjectOutput">
                    <Platform Name="iOSDevice">
                        <Operation>1</Operation>
                    </Platform>
                    <Platform Name="Android">
                        <RemoteDir>library\lib\armeabi-v7a</RemoteDir>
                        <Operation>1</Operation>
                    </Platform>
                    <Platform Name="Win32">
                        <Operation>0</Operation>
                    </Platform>
                    <Platform Name="OSX32">
                        <Operation>1</Operation>
                    </Platform>
                    <Platform Name="iOSSimulator">
                        <Operation>1</Operation>
                    </Platform>
                </DeployClass>
                <DeployClass Name="AndroidLibnativeArmeabiFile">
                    <Platform Name="Android">
                        <RemoteDir>library\lib\armeabi</RemoteDir>
                        <Operation>1</Operation>
                    </Platform>
                </DeployClass>
                <DeployClass Name="Android_SplashImage640">
                    <Platform Name="Android">
                        <RemoteDir>res\drawable-large</RemoteDir>
                        <Operation>1</Operation>
                    </Platform>
                </DeployClass>
                <DeployClass Name="File">
                    <Platform Name="iOSDevice">
                        <Operation>0</Operation>
                    </Platform>
                    <Platform Name="Android">
                        <Operation>0</Operation>
                    </Platform>
                    <Platform Name="Win32">
                        <Operation>0</Operation>
                    </Platform>
                    <Platform Name="OSX32">
                        <Operation>0</Operation>
                    </Platform>
                    <Platform Name="iOSSimulator">
                        <Operation>0</Operation>
                    </Platform>
                </DeployClass>
                <DeployClass Name="iPhone_Launch640x1136">
                    <Platform Name="iOSDevice">
                        <Operation>1</Operation>
                    </Platform>
                    <Platform Name="iOSSimulator">
                        <Operation>1</Operation>
                    </Platform>
                </DeployClass>
                <DeployClass Name="Android_LauncherIcon36">
                    <Platform Name="Android">
                        <RemoteDir>res\drawable-ldpi</RemoteDir>
                        <Operation>1</Operation>
                    </Platform>
                </DeployClass>
                <DeployClass Name="AndroidSplashStyles">
                    <Platform Name="Android">
                        <RemoteDir>res\values</RemoteDir>
                        <Operation>1</Operation>
                    </Platform>
                </DeployClass>
                <DeployClass Name="iPad_Launch1536">
                    <Platform Name="iOSDevice">
                        <Operation>1</Operation>
                    </Platform>
                    <Platform Name="iOSSimulator">
                        <Operation>1</Operation>
                    </Platform>
                </DeployClass>
                <DeployClass Name="Android_LauncherIcon48">
                    <Platform Name="Android">
                        <RemoteDir>res\drawable-mdpi</RemoteDir>
                        <Operation>1</Operation>
                    </Platform>
                </DeployClass>
                <DeployClass Name="Android_LauncherIcon72">
                    <Platform Name="Android">
                        <RemoteDir>res\drawable-hdpi</RemoteDir>
                        <Operation>1</Operation>
                    </Platform>
                </DeployClass>
                <DeployClass Name="ProjectAndroidManifest">
                    <Platform Name="Android">
                        <Operation>1</Operation>
                    </Platform>
                </DeployClass>
                <ProjectRoot Platform="Android" Name="$(PROJECTNAME)"/>
                <ProjectRoot Platform="iOSDevice" Name="$(PROJECTNAME).app"/>
                <ProjectRoot Platform="Win32" Name="$(PROJECTNAME)"/>
                <ProjectRoot Platform="OSX32" Name="$(PROJECTNAME)"/>
                <ProjectRoot Platform="iOSSimulator" Name="$(PROJECTNAME).app"/>
                <ProjectRoot Platform="Win64" Name="$(PROJECTNAME)"/>
            </Deployment>
        </BorlandProject>
        <ProjectFileVersion>12</ProjectFileVersion>
    </ProjectExtensions>
    <Import Project="$(MSBuildProjectName).deployproj" Condition="Exists('$(MSBuildProjectName).deployproj')"/>
</Project>

<!-- EurekaLog First Line
[Exception Log]
EurekaLog Version=7007
Activate=0
DeleteMapAfterCompile=0
Dialog Class="TMessageBoxDialog"
dpDLLExports=0
Encrypt Password=""
ProjectID="{B30B8C25-B16D-490C-AB8E-5AF3021E7C0D}"
sndScreenshot=0
sndSendInSeparatedThread=0
sndShowFailureMsg=0
sndShowSendDialog=0
sndShowSuccessBugClosedOnly=0
sndShowSuccessMsg=0
EurekaLog Last Line -->
